Microsoft Visual Studio Solution File, Format Version 12.00
# Visual Studio Version 17
VisualStudioVersion = 17.5.2.0
MinimumVisualStudioVersion = 10.0.40219.1
Project("{2150E333-8FDC-42A3-9474-1A3956D46DE8}") = "attendee-service", "attendee-service", "{F89AA851-1B9E-C98B-EC7C-9252364FAA9A}"
EndProject
Project("{FAE04EC0-301F-11D3-BF4B-00C04F79EFBC}") = "AttendeeService", "attendee-service\AttendeeService\AttendeeService.csproj", "{1020E6E6-A2DD-D72F-2F90-E1B5BD50DDDE}"
EndProject
Global
	GlobalSection(SolutionConfigurationPlatforms) = preSolution
		Debug|Any CPU = Debug|Any CPU
		Release|Any CPU = Release|Any CPU
	EndGlobalSection
	GlobalSection(ProjectConfigurationPlatforms) = postSolution
		{1020E6E6-A2DD-D72F-2F90-E1B5BD50DDDE}.Debug|Any CPU.ActiveCfg = Debug|Any CPU
		{1020E6E6-A2DD-D72F-2F90-E1B5BD50DDDE}.Debug|Any CPU.Build.0 = Debug|Any CPU
		{1020E6E6-A2DD-D72F-2F90-E1B5BD50DDDE}.Release|Any CPU.ActiveCfg = Release|Any CPU
		{1020E6E6-A2DD-D72F-2F90-E1B5BD50DDDE}.Release|Any CPU.Build.0 = Release|Any CPU
	EndGlobalSection
	GlobalSection(SolutionProperties) = preSolution
		HideSolutionNode = FALSE
	EndGlobalSection
	GlobalSection(NestedProjects) = preSolution
		{1020E6E6-A2DD-D72F-2F90-E1B5BD50DDDE} = {F89AA851-1B9E-C98B-EC7C-9252364FAA9A}
	EndGlobalSection
	GlobalSection(ExtensibilityGlobals) = postSolution
		SolutionGuid = {7068D49E-67FF-4CB2-95A8-0DDBD8863CC1}
	EndGlobalSection
EndGlobal
